{
  "name": "node-xmrig",
  "version": "1.0.0",
  "lockfileVersion": 3,
  "requires": true,
  "packages": {
    "": {
      "name": "node-xmrig",
      "version": "1.0.0",
      "cpu": [
        "x64",
        "x86",
        "arm64"
      ],
      "hasInstallScript": true,
      "license": "MIT",
      "os": [
        "linux",
        "win32",
        "darwin"
      ],
      "devDependencies": {
        "@types/node": "^20.0.0",
        "nan": "^2.25.0",
        "node-addon-api": "^8.5.0",
        "typescript": "^5.0.0"
      },
      "engines": {
        "node": ">=14.0.0"
      }
    },
    "node_modules/@types/node": {
      "version": "20.19.30",
      "resolved": "https://registry.npmjs.org/@types/node/-/node-20.19.30.tgz",
      "integrity": "sha512-WJtwWJu7UdlvzEAUm484QNg5eAoq5QR08KDNx7g45Usrs2NtOPiX8ugDqmKdXkyL03rBqU5dYNYVQetEpBHq2g==",
      "dev": true,
      "license": "MIT",
      "dependencies": {
        "undici-types": "~6.21.0"
      }
    },
    "node_modules/nan": {
      "version": "2.25.0",
      "resolved": "https://registry.npmjs.org/nan/-/nan-2.25.0.tgz",
      "integrity": "sha512-0M90Ag7Xn5KMLLZ7zliPWP3rT90P6PN+IzVFS0VqmnPktBk3700xUVv8Ikm9EUaUE5SDWdp/BIxdENzVznpm1g==",
      "dev": true,
      "license": "MIT"
    },
    "node_modules/node-addon-api": {
      "version": "8.5.0",
      "resolved": "https://registry.npmjs.org/node-addon-api/-/node-addon-api-8.5.0.tgz",
      "integrity": "sha512-/bRZty2mXUIFY/xU5HLvveNHlswNJej+RnxBjOMkidWfwZzgTbPG1E3K5TOxRLOR+5hX7bSofy8yf1hZevMS8A==",
      "dev": true,
      "license": "MIT",
      "engines": {
        "node": "^18 || ^20 || >= 21"
      }
    },
    "node_modules/typescript": {
      "version": "5.9.3",
      "resolved": "https://registry.npmjs.org/typescript/-/typescript-5.9.3.tgz",
      "integrity": "sha512-jl1vZzPDinLr9eUt3J/t7V6FgNEw9QjvBPdysz9KfQDD41fQrC2Y4vKQdiaUpFT4bXlb1RHhLpp8wtm6M5TgSw==",
      "dev": true,
      "license": "Apache-2.0",
      "bin": {
        "tsc": "bin/tsc",
        "tsserver": "bin/tsserver"
      },
      "engines": {
        "node": ">=14.17"
      }
    },
    "node_modules/undici-types": {
      "version": "6.21.0",
      "resolved": "https://registry.npmjs.org/undici-types/-/undici-types-6.21.0.tgz",
      "integrity": "sha512-iwDZqg0QAGrg9Rav5H4n0M64c3mkR59cJ6wQp+7C4nI0gsmExaedaYLNO44eT4AtBBwjbTiGPMlt2Md0T9H9JQ==",
      "dev": true,
      "license": "MIT"
    }
  }
}
