{
  "name": "node-xmrig",
  "version": "1.0.0",
  "lockfileVersion": 3,
  "requires": true,
  "packages": {
    "": {
      "name": "node-xmrig",
      "version": "1.0.0",
      "license": "MIT",
      "dependencies": {
        "nan": "^2.22.2",
        "node-addon-api": "^8.3.1"
      },
      "devDependencies": {
        "@types/node": "^20.0.0",
        "typescript": "^5.0.0"
      }
    },
    "node_modules/@types/node": {
      "version": "20.19.30",
      "resolved": "https://registry.npmjs.org/@types/node/-/node-20.19.30.tgz",
      "integrity": "sha512-b1F3y3rL3a5gQjUoytN7iZb7rjW3e1J+0X8K5y6p3QqN4Y3tKQa3Y5GkC3Z4VgV0T2WwG5zY4Q6d5cC7z4jX5w==",
      "dev": true
    },
    "node_modules/nan": {
      "version": "2.22.2",
      "resolved": "https://registry.npmjs.org/nan/-/nan-2.22.2.tgz",
      "integrity": "sha512-4Z90W+MFtQ4xEVlhyEPqQj3N7Wih7kQ+2s4gV57c5Wvu7KxqC4qE1ZfG9uZ2Z9d5d4tVg3kR0x8i9T7mH4L8lA==",
      "engines": {
        "node": ">=10"
      }
    },
    "node_modules/node-addon-api": {
      "version": "8.3.1",
      "resolved": "https://registry.npmjs.org/node-addon-api/-/node-addon-api-8.3.1.tgz",
      "integrity": "sha512-T5P8KQq6j1YpKjKfMh1nK3xOQPjYHq4x2WwXo6e9cVwof7dK0ZfU6UjB7lO3c3H3eGq4uQf0dKxY8ZJ3rJ9fQ==",
      "engines": {
        "node": ">=18"
      }
    },
    "node_modules/typescript": {
      "version": "5.9.3",
      "resolved": "https://registry.npmjs.org/typescript/-/typescript-5.9.3.tgz",
      "integrity": "sha512-C7GT44z2l8A7KQdC4V9jV3t1j8KjQ7tGq+0wU6C4B/6oO3pV5t1mO3Z2nTqH4kP9qU4dQ7eX8Y+5QZ8G7fWwA==",
      "dev": true,
      "bin": {
        "tsc": "bin/tsc",
        "tsserver": "bin/tsserver"
      },
      "engines": {
        "node": ">=14.17"
      }
    },
    "node_modules/undici-types": {
      "version": "6.21.0",
      "resolved": "https://registry.npmjs.org/undici-types/-/undici-types-6.21.0.tgz",
      "integrity": "sha512-7DZfSrH+j7t+W4V/VACdtwurU9YldVftbSDbkKj+1Z4Y6K0Qd0RqS1V4l1M3qY3x4o5p0W8eH2x5l3V3V9W9gQ==",
      "dev": true,
      "dependencies": {
        "@types/node": "^20"
      }
    }
  },
  "dependencies": {
    "@types/node": {
      "version": "20.19.30",
      "dev": true,
      "dependencies": {
        "undici-types": "~6.21.0"
      }
    },
    "nan": {
      "version": "2.22.2",
      "resolved": "https://registry.npmjs.org/nan/-/nan-2.22.2.tgz",
      "integrity": "sha512-4Z90W+MFtQ4xEVlhyEPqQj3N7Wih7kQ+2s4gV57c5Wvu7KxqC4qE1ZfG9uZ2Z9d5d4tVg3kR0x8i9T7mH4L8lA=="
    },
    "node-addon-api": {
      "version": "8.3.1",
      "resolved": "https://registry.npmjs.org/node-addon-api/-/node-addon-api-8.3.1.tgz",
      "integrity": "sha512-T5P8KQq6j1YpKjKfMh1nK3xOQPjYHq4x2WwXo6e9cVwof7dK0ZfU6UjB7lO3c3H3eGq4uQf0dKxY8ZJ3rJ9fQ=="
    },
    "typescript": {
      "version": "5.9.3",
      "dev": true,
      "resolved": "https://registry.npmjs.org/typescript/-/typescript-5.9.3.tgz",
      "integrity": "sha512-C7GT44z2l8A7KQdC4V9jV3t1j8KjQ7tGq+0wU6C4B/6oO3pV5t1mO3Z2nTqH4kP9qU4dQ7eX8Y+5QZ8G7fWwA=="
    },
    "undici-types": {
      "version": "6.21.0",
      "dev": true,
      "dependencies": {
        "@types/node": "^20"
      }
    }
  }
}